Microsoft Visual Studio Solution File, Format Version 12.00
# Visual Studio 2012
Project("{8BC9CEB8-8B4A-11D0-8D11-00A0C91BC942}") = "testmuduo", "vs2012.vcxproj", "{C379A2F0-E765-11E5-95DE-005056C00008}"
EndProject
Global
	GlobalSection(SolutionConfigurationPlatforms) = preSolution
		Debug|Win32 = Debug|Win32
		Release|Win32 = Release|Win32
	EndGlobalSection
	GlobalSection(ProjectConfigurationPlatforms) = postSolution
		{C379A2F0-E765-11E5-95DE-005056C00008}.Debug|Win32.ActiveCfg = Debug|Win32
		{C379A2F0-E765-11E5-95DE-005056C00008}.Release|Win32.ActiveCfg = Debug|Win32
	EndGlobalSection
	GlobalSection(SolutionProperties) = preSolution
		HideSolutionNode = FALSE
	EndGlobalSection
EndGlobal
